
Microsoft Visual Studio Solution File, Format Version 12.00
# Visual Studio 15
VisualStudioVersion = 15.0.26430.14
MinimumVisualStudioVersion = 10.0.40219.1
Project("{FAE04EC0-301F-11D3-BF4B-00C04F79EFBC}") = "04. Winning Ticket", "04. Winning Ticket\04. Winning Ticket.csproj", "{2B67D0A7-E588-47EB-B9E4-8E31B4D75807}"
EndProject
Global
	GlobalSection(SolutionConfigurationPlatforms) = preSolution
		Debug|Any CPU = Debug|Any CPU
		Release|Any CPU = Release|Any CPU
	EndGlobalSection
	GlobalSection(ProjectConfigurationPlatforms) = postSolution
		{2B67D0A7-E588-47EB-B9E4-8E31B4D75807}.Debug|Any CPU.ActiveCfg = Debug|Any CPU
		{2B67D0A7-E588-47EB-B9E4-8E31B4D75807}.Debug|Any CPU.Build.0 = Debug|Any CPU
		{2B67D0A7-E588-47EB-B9E4-8E31B4D75807}.Release|Any CPU.ActiveCfg = Release|Any CPU
		{2B67D0A7-E588-47EB-B9E4-8E31B4D75807}.Release|Any CPU.Build.0 = Release|Any CPU
	EndGlobalSection
	GlobalSection(SolutionProperties) = preSolution
		HideSolutionNode = FALSE
	EndGlobalSection
EndGlobal
